<?xml version="1.0" encoding="utf-8"?>
<Project xmlns="http://schemas.microsoft.com/developer/msbuild/2003">
  <ItemGroup>
    <Filter Include="Generated Files">
      <UniqueIdentifier>{71ED8ED8-ACB9-4CE9-BBE1-E00B30144E11}</UniqueIdentifier>
      <Extensions>cpp;c;cxx;moc;h;def;odl;idl;res;</Extensions>
    </Filter>
    <Filter Include="Generated Files">
      <UniqueIdentifier>{71ED8ED8-ACB9-4CE9-BBE1-E00B30144E11}</UniqueIdentifier>
      <Extensions>cpp;c;cxx;moc;h;def;odl;idl;res;</Extensions>
    </Filter>
    <Filter Include="Header Files">
      <UniqueIdentifier>{93995380-89BD-4b04-88EB-625FBE52EBFB}</UniqueIdentifier>
      <Extensions>h;hpp;hxx;hm;inl;inc;xsd</Extensions>
    </Filter>
    <Filter Include="Header Files">
      <UniqueIdentifier>{93995380-89BD-4b04-88EB-625FBE52EBFB}</UniqueIdentifier>
      <Extensions>h;hpp;hxx;hm;inl;inc;xsd</Extensions>
    </Filter>
    <Filter Include="Resource Files">
      <UniqueIdentifier>{D9D6E242-F8AF-46E4-B9FD-80ECBC20BA3E}</UniqueIdentifier>
      <Extensions>qrc;*</Extensions>
      <ParseFiles>false</ParseFiles>
    </Filter>
    <Filter Include="Resource Files">
      <UniqueIdentifier>{D9D6E242-F8AF-46E4-B9FD-80ECBC20BA3E}</UniqueIdentifier>
      <Extensions>qrc;*</Extensions>
      <ParseFiles>false</ParseFiles>
    </Filter>
    <Filter Include="Source Files">
      <UniqueIdentifier>{4FC737F1-C7A5-4376-A066-2A32D752A2FF}</UniqueIdentifier>
      <Extensions>cpp;c;cxx;def;odl;idl;hpj;bat;asm;asmx</Extensions>
    </Filter>
    <Filter Include="Source Files">
      <UniqueIdentifier>{4FC737F1-C7A5-4376-A066-2A32D752A2FF}</UniqueIdentifier>
      <Extensions>cpp;c;cxx;def;odl;idl;hpj;bat;asm;asmx</Extensions>
    </Filter>
  </ItemGroup>
  <ItemGroup>
    <ClCompile Include="Renderers\AbstractRenderer.cpp">
      <Filter>Source Files</Filter>
    </ClCompile>
    <ClCompile Include="Renderers\Debug\AutoShaderReloader.cpp">
      <Filter>Source Files</Filter>
    </ClCompile>
    <ClCompile Include="GLWidgets\Camera.cpp">
      <Filter>Source Files</Filter>
    </ClCompile>
    <ClCompile Include="Renderers\UnorderedTransparency\DualDepthPeelingRenderer.cpp">
      <Filter>Source Files</Filter>
    </ClCompile>
    <ClCompile Include="GLWidgets\GLWidget.cpp">
      <Filter>Source Files</Filter>
    </ClCompile>
    <ClCompile Include="GLWidgets\MainWidget.cpp">
      <Filter>Source Files</Filter>
    </ClCompile>
    <ClCompile Include="Renderers\MeshRenderer.cpp">
      <Filter>Source Files</Filter>
    </ClCompile>
    <ClCompile Include="Renderers\Common\MultipleLightsRenderer.cpp">
      <Filter>Source Files</Filter>
    </ClCompile>
    <ClCompile Include="Renderers\PathRenderer.cpp">
      <Filter>Source Files</Filter>
    </ClCompile>
    <ClCompile Include="Renderers\PlaneRenderer.cpp">
      <Filter>Source Files</Filter>
    </ClCompile>
    <ClCompile Include="GLWidgets\Scene.cpp">
      <Filter>Source Files</Filter>
    </ClCompile>
    <ClCompile Include="Renderers\UnorderedTransparency\TransparencyRenderer.cpp">
      <Filter>Source Files</Filter>
    </ClCompile>
  </ItemGroup>
  <ItemGroup>
    <ClInclude Include="Renderers\AbstractRenderer.h">
      <Filter>Header Files</Filter>
    </ClInclude>
    <QtMoc Include="Renderers\Debug\AutoShaderReloader.h">
      <Filter>Header Files</Filter>
    </QtMoc>
    <ClInclude Include="GLWidgets\Camera.h">
      <Filter>Header Files</Filter>
    </ClInclude>
    <ClInclude Include="Renderers\UnorderedTransparency\DualDepthPeelingRenderer.h">
      <Filter>Header Files</Filter>
    </ClInclude>
    <ClInclude Include="GLWidgets\GLWidget.h">
      <Filter>Header Files</Filter>
    </ClInclude>
    <QtMoc Include="GLWidgets\MainWidget.h">
      <Filter>Header Files</Filter>
    </QtMoc>
    <ClInclude Include="Renderers\MeshRenderer.h">
      <Filter>Header Files</Filter>
    </ClInclude>
    <ClInclude Include="Renderers\Common\MultipleLightsRenderer.h">
      <Filter>Header Files</Filter>
    </ClInclude>
    <ClInclude Include="Renderers\PathRenderer.h">
      <Filter>Header Files</Filter>
    </ClInclude>
    <ClInclude Include="Renderers\PlaneRenderer.h">
      <Filter>Header Files</Filter>
    </ClInclude>
    <ClInclude Include="GLWidgets\Scene.h">
      <Filter>Header Files</Filter>
    </ClInclude>
    <ClInclude Include="Renderers\UnorderedTransparency\TransparencyRenderer.h">
      <Filter>Header Files</Filter>
    </ClInclude>
  </ItemGroup>
  <ItemGroup>
    
    
    
    <CustomBuild Include="debug\moc_predefs.h.cbt">
      <Filter>Generated Files</Filter>
    </CustomBuild>
    <CustomBuild Include="release\moc_predefs.h.cbt">
      <Filter>Generated Files</Filter>
    </CustomBuild>
    
    
  </ItemGroup>
  <ItemGroup>
    <QtRcc Include="Shaders\ShaderResources.qrc">
      <Filter>Resource Files</Filter>
    </QtRcc>
    <None Include="Shaders\UnorderedTransparency\blend_fragment.glsl">
      <Filter>Resource Files</Filter>
    </None>
    <None Include="Shaders\color_fragment.glsl">
      <Filter>Resource Files</Filter>
    </None>
    <None Include="Shaders\color_vertex.glsl">
      <Filter>Resource Files</Filter>
    </None>
    <None Include="Shaders\UnorderedTransparency\final_fragment.glsl">
      <Filter>Resource Files</Filter>
    </None>
    <None Include="Shaders\UnorderedTransparency\init_fragment.glsl">
      <Filter>Resource Files</Filter>
    </None>
    <None Include="Shaders\UnorderedTransparency\init_vertex.glsl">
      <Filter>Resource Files</Filter>
    </None>
    <None Include="Shaders\multiple_lights_fragment.glsl">
      <Filter>Resource Files</Filter>
    </None>
    <None Include="Shaders\multiple_lights_vertex.glsl">
      <Filter>Resource Files</Filter>
    </None>
    <None Include="Shaders\path_fragment.glsl">
      <Filter>Resource Files</Filter>
    </None>
    <None Include="Shaders\path_geometry.glsl">
      <Filter>Resource Files</Filter>
    </None>
    <None Include="Shaders\path_vertex.glsl">
      <Filter>Resource Files</Filter>
    </None>
    <None Include="Shaders\UnorderedTransparency\peel_fragment.glsl">
      <Filter>Resource Files</Filter>
    </None>
    <None Include="Shaders\UnorderedTransparency\peel_vertex.glsl">
      <Filter>Resource Files</Filter>
    </None>
    <None Include="Shaders\UnorderedTransparency\quad_vertex.glsl">
      <Filter>Resource Files</Filter>
    </None>
    <None Include="Shaders\Common\shade_fragment.glsl">
      <Filter>Resource Files</Filter>
    </None>
    <None Include="Shaders\Common\shade_vertex.glsl">
      <Filter>Resource Files</Filter>
    </None>
  </ItemGroup>
</Project>